
Microsoft Visual Studio Solution File, Format Version 12.00
# Visual Studio Version 16
VisualStudioVersion = 16.0.31112.23
MinimumVisualStudioVersion = 10.0.40219.1
Project("{FAE04EC0-301F-11D3-BF4B-00C04F79EFBC}") = "Entities", "Entities\Entities.csproj", "{426BA67D-2D91-4621-8072-8BF6FCB63D8B}"
EndProject
Project("{FAE04EC0-301F-11D3-BF4B-00C04F79EFBC}") = "DataAccess", "DataAccess\DataAccess.csproj", "{48F67BD3-864F-4C31-8015-D0F5AB3E7E7C}"
EndProject
Project("{FAE04EC0-301F-11D3-BF4B-00C04F79EFBC}") = "Business", "Business\Business.csproj", "{49664998-EB23-490E-BD04-2E09653A82E3}"
EndProject
Project("{FAE04EC0-301F-11D3-BF4B-00C04F79EFBC}") = "Core", "Core\Core.csproj", "{02332797-BB0B-48AA-BD2C-BC1F94EBFC75}"
EndProject
Project("{FAE04EC0-301F-11D3-BF4B-00C04F79EFBC}") = "WebAPI", "WebAPI\WebAPI.csproj", "{2D70E5BE-9012-438B-A379-465B4C094B07}"
EndProject
Global
	GlobalSection(SolutionConfigurationPlatforms) = preSolution
		Debug|Any CPU = Debug|Any CPU
		Release|Any CPU = Release|Any CPU
	EndGlobalSection
	GlobalSection(ProjectConfigurationPlatforms) = postSolution
		{426BA67D-2D91-4621-8072-8BF6FCB63D8B}.Debug|Any CPU.ActiveCfg = Debug|Any CPU
		{426BA67D-2D91-4621-8072-8BF6FCB63D8B}.Debug|Any CPU.Build.0 = Debug|Any CPU
		{426BA67D-2D91-4621-8072-8BF6FCB63D8B}.Release|Any CPU.ActiveCfg = Release|Any CPU
		{426BA67D-2D91-4621-8072-8BF6FCB63D8B}.Release|Any CPU.Build.0 = Release|Any CPU
		{48F67BD3-864F-4C31-8015-D0F5AB3E7E7C}.Debug|Any CPU.ActiveCfg = Debug|Any CPU
		{48F67BD3-864F-4C31-8015-D0F5AB3E7E7C}.Debug|Any CPU.Build.0 = Debug|Any CPU
		{48F67BD3-864F-4C31-8015-D0F5AB3E7E7C}.Release|Any CPU.ActiveCfg = Release|Any CPU
		{48F67BD3-864F-4C31-8015-D0F5AB3E7E7C}.Release|Any CPU.Build.0 = Release|Any CPU
		{49664998-EB23-490E-BD04-2E09653A82E3}.Debug|Any CPU.ActiveCfg = Debug|Any CPU
		{49664998-EB23-490E-BD04-2E09653A82E3}.Debug|Any CPU.Build.0 = Debug|Any CPU
		{49664998-EB23-490E-BD04-2E09653A82E3}.Release|Any CPU.ActiveCfg = Release|Any CPU
		{49664998-EB23-490E-BD04-2E09653A82E3}.Release|Any CPU.Build.0 = Release|Any CPU
		{02332797-BB0B-48AA-BD2C-BC1F94EBFC75}.Debug|Any CPU.ActiveCfg = Debug|Any CPU
		{02332797-BB0B-48AA-BD2C-BC1F94EBFC75}.Debug|Any CPU.Build.0 = Debug|Any CPU
		{02332797-BB0B-48AA-BD2C-BC1F94EBFC75}.Release|Any CPU.ActiveCfg = Release|Any CPU
		{02332797-BB0B-48AA-BD2C-BC1F94EBFC75}.Release|Any CPU.Build.0 = Release|Any CPU
		{2D70E5BE-9012-438B-A379-465B4C094B07}.Debug|Any CPU.ActiveCfg = Debug|Any CPU
		{2D70E5BE-9012-438B-A379-465B4C094B07}.Debug|Any CPU.Build.0 = Debug|Any CPU
		{2D70E5BE-9012-438B-A379-465B4C094B07}.Release|Any CPU.ActiveCfg = Release|Any CPU
		{2D70E5BE-9012-438B-A379-465B4C094B07}.Release|Any CPU.Build.0 = Release|Any CPU
	EndGlobalSection
	GlobalSection(SolutionProperties) = preSolution
		HideSolutionNode = FALSE
	EndGlobalSection
	GlobalSection(ExtensibilityGlobals) = postSolution
		SolutionGuid = {08744FF3-EA90-4906-83D8-A9303D036842}
	EndGlobalSection
EndGlobal
